// !$*UTF8*$!
{
	archiveVersion = 1;
	classes = {
	};
	objectVersion = 50;
	objects = {

/* Begin PBXBuildFile section */
		4C359F5B24299D27000A0C41 /* PickerDatasourseDelegate.swift in Sources */ = {isa = PBXBuildFile; fileRef = 4C359F5A24299D27000A0C41 /* PickerDatasourseDelegate.swift */; };
		4C4E4131238126270049A662 /* AppDelegate.swift in Sources */ = {isa = PBXBuildFile; fileRef = 4C4E4130238126270049A662 /* AppDelegate.swift */; };
		4C4E4133238126270049A662 /* SceneDelegate.swift in Sources */ = {isa = PBXBuildFile; fileRef = 4C4E4132238126270049A662 /* SceneDelegate.swift */; };
		4C4E4135238126270049A662 /* ViewController.swift in Sources */ = {isa = PBXBuildFile; fileRef = 4C4E4134238126270049A662 /* ViewController.swift */; };
		4C4E4138238126270049A662 /* Main.storyboard in Resources */ = {isa = PBXBuildFile; fileRef = 4C4E4136238126270049A662 /* Main.storyboard */; };
		4C4E413A238126290049A662 /* Assets.xcassets in Resources */ = {isa = PBXBuildFile; fileRef = 4C4E4139238126290049A662 /* Assets.xcassets */; };
		4C4E413D238126290049A662 /* LaunchScreen.storyboard in Resources */ = {isa = PBXBuildFile; fileRef = 4C4E413B238126290049A662 /* LaunchScreen.storyboard */; };
		4C4E4148238126290049A662 /* Gym_TimerTests.swift in Sources */ = {isa = PBXBuildFile; fileRef = 4C4E4147238126290049A662 /* Gym_TimerTests.swift */; };
/* End PBXBuildFile section */

/* Begin PBXContainerItemProxy section */
		4C4E4144238126290049A662 /* PBXContainerItemProxy */ = {
			isa = PBXContainerItemProxy;
			containerPortal = 4C4E4125238126270049A662 /* Project object */;
			proxyType = 1;
			remoteGlobalIDString = 4C4E412C238126270049A662;
			remoteInfo = "Gym Timer";
		};
/* End PBXContainerItemProxy section */

/* Begin PBXFileReference section */
		4C359F5A24299D27000A0C41 /* PickerDatasourseDelegate.swift */ = {isa = PBXFileReference; lastKnownFileType = sourcecode.swift; path = PickerDatasourseDelegate.swift; sourceTree = "<group>"; };
		4C4E412D238126270049A662 /* Gym Timer.app */ = {isa = PBXFileReference; explicitFileType = wrapper.application; includeInIndex = 0; path = "Gym Timer.app"; sourceTree = BUILT_PRODUCTS_DIR; };
		4C4E4130238126270049A662 /* AppDelegate.swift */ = {isa = PBXFileReference; lastKnownFileType = sourcecode.swift; path = AppDelegate.swift; sourceTree = "<group>"; };
		4C4E4132238126270049A662 /* SceneDelegate.swift */ = {isa = PBXFileReference; lastKnownFileType = sourcecode.swift; path = SceneDelegate.swift; sourceTree = "<group>"; };
		4C4E4134238126270049A662 /* ViewController.swift */ = {isa = PBXFileReference; lastKnownFileType = sourcecode.swift; path = ViewController.swift; sourceTree = "<group>"; };
		4C4E4137238126270049A662 /* Base */ = {isa = PBXFileReference; lastKnownFileType = file.storyboard; name = Base; path = Base.lproj/Main.storyboard; sourceTree = "<group>"; };
		4C4E4139238126290049A662 /* Assets.xcassets */ = {isa = PBXFileReference; lastKnownFileType = folder.assetcatalog; path = Assets.xcassets; sourceTree = "<group>"; };
		4C4E413C238126290049A662 /* Base */ = {isa = PBXFileReference; lastKnownFileType = file.storyboard; name = Base; path = Base.lproj/LaunchScreen.storyboard; sourceTree = "<group>"; };
		4C4E413E238126290049A662 /* Info.plist */ = {isa = PBXFileReference; lastKnownFileType = text.plist.xml; path = Info.plist; sourceTree = "<group>"; };
		4C4E4143238126290049A662 /* Gym TimerTests.xctest */ = {isa = PBXFileReference; explicitFileType = wrapper.cfbundle; includeInIndex = 0; path = "Gym TimerTests.xctest"; sourceTree = BUILT_PRODUCTS_DIR; };
		4C4E4147238126290049A662 /* Gym_TimerTests.swift */ = {isa = PBXFileReference; lastKnownFileType = sourcecode.swift; path = Gym_TimerTests.swift; sourceTree = "<group>"; };
		4C4E4149238126290049A662 /* Info.plist */ = {isa = PBXFileReference; lastKnownFileType = text.plist.xml; path = Info.plist; sourceTree = "<group>"; };
/* End PBXFileReference section */

/* Begin PBXFrameworksBuildPhase section */
		4C4E412A238126270049A662 /* Frameworks */ = {
			isa = PBXFrameworksBuildPhase;
			buildActionMask = 2147483647;
			files = (
			);
			runOnlyForDeploymentPostprocessing = 0;
		};
		4C4E4140238126290049A662 /* Frameworks */ = {
			isa = PBXFrameworksBuildPhase;
			buildActionMask = 2147483647;
			files = (
			);
			runOnlyForDeploymentPostprocessing = 0;
		};
/* End PBXFrameworksBuildPhase section */

/* Begin PBXGroup section */
		4C4E4124238126270049A662 = {
			isa = PBXGroup;
			children = (
				4C4E412F238126270049A662 /* Gym Timer */,
				4C4E4146238126290049A662 /* Gym TimerTests */,
				4C4E412E238126270049A662 /* Products */,
			);
			sourceTree = "<group>";
		};
		4C4E412E238126270049A662 /* Products */ = {
			isa = PBXGroup;
			children = (
				4C4E412D238126270049A662 /* Gym Timer.app */,
				4C4E4143238126290049A662 /* Gym TimerTests.xctest */,
			);
			name = Products;
			sourceTree = "<group>";
		};
		4C4E412F238126270049A662 /* Gym Timer */ = {
			isa = PBXGroup;
			children = (
				4C4E4130238126270049A662 /* AppDelegate.swift */,
				4C4E4132238126270049A662 /* SceneDelegate.swift */,
				4C4E4134238126270049A662 /* ViewController.swift */,
				4C4E4136238126270049A662 /* Main.storyboard */,
				4C4E4139238126290049A662 /* Assets.xcassets */,
				4C4E413B238126290049A662 /* LaunchScreen.storyboard */,
				4C4E413E238126290049A662 /* Info.plist */,
				4C359F5A24299D27000A0C41 /* PickerDatasourseDelegate.swift */,
			);
			path = "Gym Timer";
			sourceTree = "<group>";
		};
		4C4E4146238126290049A662 /* Gym TimerTests */ = {
			isa = PBXGroup;
			children = (
				4C4E4147238126290049A662 /* Gym_TimerTests.swift */,
				4C4E4149238126290049A662 /* Info.plist */,
			);
			path = "Gym TimerTests";
			sourceTree = "<group>";
		};
/* End PBXGroup section */

/* Begin PBXNativeTarget section */
		4C4E412C238126270049A662 /* Gym Timer */ = {
			isa = PBXNativeTarget;
			buildConfigurationList = 4C4E414C238126290049A662 /* Build configuration list for PBXNativeTarget "Gym Timer" */;
			buildPhases = (
				4C4E4129238126270049A662 /* Sources */,
				4C4E412A238126270049A662 /* Frameworks */,
				4C4E412B238126270049A662 /* Resources */,
			);
			buildRules = (
			);
			dependencies = (
			);
			name = "Gym Timer";
			productName = "Gym Timer";
			productReference = 4C4E412D238126270049A662 /* Gym Timer.app */;
			productType = "com.apple.product-type.application";
		};
		4C4E4142238126290049A662 /* Gym TimerTests */ = {
			isa = PBXNativeTarget;
			buildConfigurationList = 4C4E414F238126290049A662 /* Build configuration list for PBXNativeTarget "Gym TimerTests" */;
			buildPhases = (
				4C4E413F238126290049A662 /* Sources */,
				4C4E4140238126290049A662 /* Frameworks */,
				4C4E4141238126290049A662 /* Resources */,
			);
			buildRules = (
			);
			dependencies = (
				4C4E4145238126290049A662 /* PBXTargetDependency */,
			);
			name = "Gym TimerTests";
			productName = "Gym TimerTests";
			productReference = 4C4E4143238126290049A662 /* Gym TimerTests.xctest */;
			productType = "com.apple.product-type.bundle.unit-test";
		};
/* End PBXNativeTarget section */

/* Begin PBXProject section */
		4C4E4125238126270049A662 /* Project object */ = {
			isa = PBXProject;
			attributes = {
				LastSwiftUpdateCheck = 1100;
				LastUpgradeCheck = 1100;
				ORGANIZATIONNAME = prad;
				TargetAttributes = {
					4C4E412C238126270049A662 = {
						CreatedOnToolsVersion = 11.0;
						LastSwiftMigration = 1100;
					};
					4C4E4142238126290049A662 = {
						CreatedOnToolsVersion = 11.0;
						TestTargetID = 4C4E412C238126270049A662;
					};
				};
			};
			buildConfigurationList = 4C4E4128238126270049A662 /* Build configuration list for PBXProject "Gym Timer" */;
			compatibilityVersion = "Xcode 9.3";
			developmentRegion = en;
			hasScannedForEncodings = 0;
			knownRegions = (
				en,
				Base,
			);
			mainGroup = 4C4E4124238126270049A662;
			productRefGroup = 4C4E412E238126270049A662 /* Products */;
			projectDirPath = "";
			projectRoot = "";
			targets = (
				4C4E412C238126270049A662 /* Gym Timer */,
				4C4E4142238126290049A662 /* Gym TimerTests */,
			);
		};
/* End PBXProject section */

/* Begin PBXResourcesBuildPhase section */
		4C4E412B238126270049A662 /* Resources */ = {
			isa = PBXResourcesBuildPhase;
			buildActionMask = 2147483647;
			files = (
				4C4E413D238126290049A662 /* LaunchScreen.storyboard in Resources */,
				4C4E413A238126290049A662 /* Assets.xcassets in Resources */,
				4C4E4138238126270049A662 /* Main.storyboard in Resources */,
			);
			runOnlyForDeploymentPostprocessing = 0;
		};
		4C4E4141238126290049A662 /* Resources */ = {
			isa = PBXResourcesBuildPhase;
			buildActionMask = 2147483647;
			files = (
			);
			runOnlyForDeploymentPostprocessing = 0;
		};
/* End PBXResourcesBuildPhase section */

/* Begin PBXSourcesBuildPhase section */
		4C4E4129238126270049A662 /* Sources */ = {
			isa = PBXSourcesBuildPhase;
			buildActionMask = 2147483647;
			files = (
				4C4E4135238126270049A662 /* ViewController.swift in Sources */,
				4C359F5B24299D27000A0C41 /* PickerDatasourseDelegate.swift in Sources */,
				4C4E4131238126270049A662 /* AppDelegate.swift in Sources */,
				4C4E4133238126270049A662 /* SceneDelegate.swift in Sources */,
			);
			runOnlyForDeploymentPostprocessing = 0;
		};
		4C4E413F238126290049A662 /* Sources */ = {
			isa = PBXSourcesBuildPhase;
			buildActionMask = 2147483647;
			files = (
				4C4E4148238126290049A662 /* Gym_TimerTests.swift in Sources */,
			);
			runOnlyForDeploymentPostprocessing = 0;
		};
/* End PBXSourcesBuildPhase section */

/* Begin PBXTargetDependency section */
		4C4E4145238126290049A662 /* PBXTargetDependency */ = {
			isa = PBXTargetDependency;
			target = 4C4E412C238126270049A662 /* Gym Timer */;
			targetProxy = 4C4E4144238126290049A662 /* PBXContainerItemProxy */;
		};
/* End PBXTargetDependency section */

/* Begin PBXVariantGroup section */
		4C4E4136238126270049A662 /* Main.storyboard */ = {
			isa = PBXVariantGroup;
			children = (
				4C4E4137238126270049A662 /* Base */,
			);
			name = Main.storyboard;
			sourceTree = "<group>";
		};
		4C4E413B238126290049A662 /* LaunchScreen.storyboard */ = {
			isa = PBXVariantGroup;
			children = (
				4C4E413C238126290049A662 /* Base */,
			);
			name = LaunchScreen.storyboard;
			sourceTree = "<group>";
		};
/* End PBXVariantGroup section */

/* Begin XCBuildConfiguration section */
		4C4E414A238126290049A662 /* Debug */ = {
			isa = XCBuildConfiguration;
			buildSettings = {
				ALWAYS_SEARCH_USER_PATHS = NO;
				CLANG_ANALYZER_NONNULL = YES;
				CLANG_ANALYZER_NUMBER_OBJECT_CONVERSION = YES_AGGRESSIVE;
				CLANG_CXX_LANGUAGE_STANDARD = "gnu++14";
				CLANG_CXX_LIBRARY = "libc++";
				CLANG_ENABLE_MODULES = YES;
				CLANG_ENABLE_OBJC_ARC = YES;
				CLANG_ENABLE_OBJC_WEAK = YES;
				CLANG_WARN_BLOCK_CAPTURE_AUTORELEASING = YES;
				CLANG_WARN_BOOL_CONVERSION = YES;
				CLANG_WARN_COMMA = YES;
				CLANG_WARN_CONSTANT_CONVERSION = YES;
				CLANG_WARN_DEPRECATED_OBJC_IMPLEMENTATIONS = YES;
				CLANG_WARN_DIRECT_OBJC_ISA_USAGE = YES_ERROR;
				CLANG_WARN_DOCUMENTATION_COMMENTS = YES;
				CLANG_WARN_EMPTY_BODY = YES;
				CLANG_WARN_ENUM_CONVERSION = YES;
				CLANG_WARN_INFINITE_RECURSION = YES;
				CLANG_WARN_INT_CONVERSION = YES;
				CLANG_WARN_NON_LITERAL_NULL_CONVERSION = YES;
				CLANG_WARN_OBJC_IMPLICIT_RETAIN_SELF = YES;
				CLANG_WARN_OBJC_LITERAL_CONVERSION = YES;
				CLANG_WARN_OBJC_ROOT_CLASS = YES_ERROR;
				CLANG_WARN_RANGE_LOOP_ANALYSIS = YES;
				CLANG_WARN_STRICT_PROTOTYPES = YES;
				CLANG_WARN_SUSPICIOUS_MOVE = YES;
				CLANG_WARN_UNGUARDED_AVAILABILITY = YES_AGGRESSIVE;
				CLANG_WARN_UNREACHABLE_CODE = YES;
				CLANG_WARN__DUPLICATE_METHOD_MATCH = YES;
				COPY_PHASE_STRIP = NO;
				DEBUG_INFORMATION_FORMAT = dwarf;
				ENABLE_STRICT_OBJC_MSGSEND = YES;
				ENABLE_TESTABILITY = YES;
				GCC_C_LANGUAGE_STANDARD = gnu11;
				GCC_DYNAMIC_NO_PIC = NO;
				GCC_NO_COMMON_BLOCKS = YES;
				GCC_OPTIMIZATION_LEVEL = 0;
				GCC_PREPROCESSOR_DEFINITIONS = (
					"DEBUG=1",
					"$(inherited)",
				);
				GCC_WARN_64_TO_32_BIT_CONVERSION = YES;
				GCC_WARN_ABOUT_RETURN_TYPE = YES_ERROR;
				GCC_WARN_UNDECLARED_SELECTOR = YES;
				GCC_WARN_UNINITIALIZED_AUTOS = YES_AGGRESSIVE;
				GCC_WARN_UNUSED_FUNCTION = YES;
				GCC_WARN_UNUSED_VARIABLE = YES;
				IPHONEOS_DEPLOYMENT_TARGET = 13.0;
				MTL_ENABLE_DEBUG_INFO = INCLUDE_SOURCE;
				MTL_FAST_MATH = YES;
				ONLY_ACTIVE_ARCH = YES;
				SDKROOT = iphoneos;
				SWIFT_ACTIVE_COMPILATION_CONDITIONS = DEBUG;
				SWIFT_OPTIMIZATION_LEVEL = "-Onone";
			};
			name = Debug;
		};
		4C4E414B238126290049A662 /* Release */ = {
			isa = XCBuildConfiguration;
			buildSettings = {
				ALWAYS_SEARCH_USER_PATHS = NO;
				CLANG_ANALYZER_NONNULL = YES;
				CLANG_ANALYZER_NUMBER_OBJECT_CONVERSION = YES_AGGRESSIVE;
				CLANG_CXX_LANGUAGE_STANDARD = "gnu++14";
				CLANG_CXX_LIBRARY = "libc++";
				CLANG_ENABLE_MODULES = YES;
				CLANG_ENABLE_OBJC_ARC = YES;
				CLANG_ENABLE_OBJC_WEAK = YES;
				CLANG_WARN_BLOCK_CAPTURE_AUTORELEASING = YES;
				CLANG_WARN_BOOL_CONVERSION = YES;
				CLANG_WARN_COMMA = YES;
				CLANG_WARN_CONSTANT_CONVERSION = YES;
				CLANG_WARN_DEPRECATED_OBJC_IMPLEMENTATIONS = YES;
				CLANG_WARN_DIRECT_OBJC_ISA_USAGE = YES_ERROR;
				CLANG_WARN_DOCUMENTATION_COMMENTS = YES;
				CLANG_WARN_EMPTY_BODY = YES;
				CLANG_WARN_ENUM_CONVERSION = YES;
				CLANG_WARN_INFINITE_RECURSION = YES;
				CLANG_WARN_INT_CONVERSION = YES;
				CLANG_WARN_NON_LITERAL_NULL_CONVERSION = YES;
				CLANG_WARN_OBJC_IMPLICIT_RETAIN_SELF = YES;
				CLANG_WARN_OBJC_LITERAL_CONVERSION = YES;
				CLANG_WARN_OBJC_ROOT_CLASS = YES_ERROR;
				CLANG_WARN_RANGE_LOOP_ANALYSIS = YES;
				CLANG_WARN_STRICT_PROTOTYPES = YES;
				CLANG_WARN_SUSPICIOUS_MOVE = YES;
				CLANG_WARN_UNGUARDED_AVAILABILITY = YES_AGGRESSIVE;
				CLANG_WARN_UNREACHABLE_CODE = YES;
				CLANG_WARN__DUPLICATE_METHOD_MATCH = YES;
				COPY_PHASE_STRIP = NO;
				DEBUG_INFORMATION_FORMAT = "dwarf-with-dsym";
				ENABLE_NS_ASSERTIONS = NO;
				ENABLE_STRICT_OBJC_MSGSEND = YES;
				GCC_C_LANGUAGE_STANDARD = gnu11;
				GCC_NO_COMMON_BLOCKS = YES;
				GCC_WARN_64_TO_32_BIT_CONVERSION = YES;
				GCC_WARN_ABOUT_RETURN_TYPE = YES_ERROR;
				GCC_WARN_UNDECLARED_SELECTOR = YES;
				GCC_WARN_UNINITIALIZED_AUTOS = YES_AGGRESSIVE;
				GCC_WARN_UNUSED_FUNCTION = YES;
				GCC_WARN_UNUSED_VARIABLE = YES;
				IPHONEOS_DEPLOYMENT_TARGET = 13.0;
				MTL_ENABLE_DEBUG_INFO = NO;
				MTL_FAST_MATH = YES;
				SDKROOT = iphoneos;
				SWIFT_COMPILATION_MODE = wholemodule;
				SWIFT_OPTIMIZATION_LEVEL = "-O";
				VALIDATE_PRODUCT = YES;
			};
			name = Release;
		};
		4C4E414D238126290049A662 /* Debug */ = {
			isa = XCBuildConfiguration;
			buildSettings = {
				ASSETCATALOG_COMPILER_APPICON_NAME = AppIcon;
				CLANG_ENABLE_MODULES = YES;
				CODE_SIGN_STYLE = Automatic;
				DEVELOPMENT_TEAM = CA9334YT24;
				INFOPLIST_FILE = "Gym Timer/Info.plist";
				LD_RUNPATH_SEARCH_PATHS = (
					"$(inherited)",
					"@executable_path/Frameworks",
				);
				PRODUCT_BUNDLE_IDENTIFIER = "prad.Gym-Timer";
				PRODUCT_NAME = "$(TARGET_NAME)";
				SWIFT_OPTIMIZATION_LEVEL = "-Onone";
				SWIFT_VERSION = 5.0;
				TARGETED_DEVICE_FAMILY = "1,2";
			};
			name = Debug;
		};
		4C4E414E238126290049A662 /* Release */ = {
			isa = XCBuildConfiguration;
			buildSettings = {
				ASSETCATALOG_COMPILER_APPICON_NAME = AppIcon;
				CLANG_ENABLE_MODULES = YES;
				CODE_SIGN_STYLE = Automatic;
				DEVELOPMENT_TEAM = CA9334YT24;
				INFOPLIST_FILE = "Gym Timer/Info.plist";
				LD_RUNPATH_SEARCH_PATHS = (
					"$(inherited)",
					"@executable_path/Frameworks",
				);
				PRODUCT_BUNDLE_IDENTIFIER = "prad.Gym-Timer";
				PRODUCT_NAME = "$(TARGET_NAME)";
				SWIFT_VERSION = 5.0;
				TARGETED_DEVICE_FAMILY = "1,2";
			};
			name = Release;
		};
		4C4E4150238126290049A662 /* Debug */ = {
			isa = XCBuildConfiguration;
			buildSettings = {
				ALWAYS_EMBED_SWIFT_STANDARD_LIBRARIES = YES;
				BUNDLE_LOADER = "$(TEST_HOST)";
				CODE_SIGN_STYLE = Automatic;
				DEVELOPMENT_TEAM = CA9334YT24;
				INFOPLIST_FILE = "Gym TimerTests/Info.plist";
				IPHONEOS_DEPLOYMENT_TARGET = 13.0;
				LD_RUNPATH_SEARCH_PATHS = (
					"$(inherited)",
					"@executable_path/Frameworks",
					"@loader_path/Frameworks",
				);
				PRODUCT_BUNDLE_IDENTIFIER = "prad.Gym-TimerTests";
				PRODUCT_NAME = "$(TARGET_NAME)";
				SWIFT_VERSION = 5.0;
				TARGETED_DEVICE_FAMILY = "1,2";
				TEST_HOST = "$(BUILT_PRODUCTS_DIR)/Gym Timer.app/Gym Timer";
			};
			name = Debug;
		};
		4C4E4151238126290049A662 /* Release */ = {
			isa = XCBuildConfiguration;
			buildSettings = {
				ALWAYS_EMBED_SWIFT_STANDARD_LIBRARIES = YES;
				BUNDLE_LOADER = "$(TEST_HOST)";
				CODE_SIGN_STYLE = Automatic;
				DEVELOPMENT_TEAM = CA9334YT24;
				INFOPLIST_FILE = "Gym TimerTests/Info.plist";
				IPHONEOS_DEPLOYMENT_TARGET = 13.0;
				LD_RUNPATH_SEARCH_PATHS = (
					"$(inherited)",
					"@executable_path/Frameworks",
					"@loader_path/Frameworks",
				);
				PRODUCT_BUNDLE_IDENTIFIER = "prad.Gym-TimerTests";
				PRODUCT_NAME = "$(TARGET_NAME)";
				SWIFT_VERSION = 5.0;
				TARGETED_DEVICE_FAMILY = "1,2";
				TEST_HOST = "$(BUILT_PRODUCTS_DIR)/Gym Timer.app/Gym Timer";
			};
			name = Release;
		};
/* End XCBuildConfiguration section */

/* Begin XCConfigurationList section */
		4C4E4128238126270049A662 /* Build configuration list for PBXProject "Gym Timer" */ = {
			isa = XCConfigurationList;
			buildConfigurations = (
				4C4E414A238126290049A662 /* Debug */,
				4C4E414B238126290049A662 /* Release */,
			);
			defaultConfigurationIsVisible = 0;
			defaultConfigurationName = Release;
		};
		4C4E414C238126290049A662 /* Build configuration list for PBXNativeTarget "Gym Timer" */ = {
			isa = XCConfigurationList;
			buildConfigurations = (
				4C4E414D238126290049A662 /* Debug */,
				4C4E414E238126290049A662 /* Release */,
			);
			defaultConfigurationIsVisible = 0;
			defaultConfigurationName = Release;
		};
		4C4E414F238126290049A662 /* Build configuration list for PBXNativeTarget "Gym TimerTests" */ = {
			isa = XCConfigurationList;
			buildConfigurations = (
				4C4E4150238126290049A662 /* Debug */,
				4C4E4151238126290049A662 /* Release */,
			);
			defaultConfigurationIsVisible = 0;
			defaultConfigurationName = Release;
		};
/* End XCConfigurationList section */
	};
	rootObject = 4C4E4125238126270049A662 /* Project object */;
}
